
Microsoft Visual Studio Solution File, Format Version 12.00
# Visual Studio Version 16
VisualStudioVersion = 16.0.28922.388
MinimumVisualStudioVersion = 10.0.40219.1
Project("{FAE04EC0-301F-11D3-BF4B-00C04F79EFBC}") = "EmployeeCRUD", "EmployeeCRUD\EmployeeCRUD.csproj", "{7DE01F79-D440-4BEF-B06C-9B81A035630B}"
EndProject
Global
	GlobalSection(SolutionConfigurationPlatforms) = preSolution
		Debug|Any CPU = Debug|Any CPU
		Release|Any CPU = Release|Any CPU
	EndGlobalSection
	GlobalSection(ProjectConfigurationPlatforms) = postSolution
		{7DE01F79-D440-4BEF-B06C-9B81A035630B}.Debug|Any CPU.ActiveCfg = Debug|Any CPU
		{7DE01F79-D440-4BEF-B06C-9B81A035630B}.Debug|Any CPU.Build.0 = Debug|Any CPU
		{7DE01F79-D440-4BEF-B06C-9B81A035630B}.Release|Any CPU.ActiveCfg = Release|Any CPU
		{7DE01F79-D440-4BEF-B06C-9B81A035630B}.Release|Any CPU.Build.0 = Release|Any CPU
	EndGlobalSection
	GlobalSection(SolutionProperties) = preSolution
		HideSolutionNode = FALSE
	EndGlobalSection
	GlobalSection(ExtensibilityGlobals) = postSolution
		SolutionGuid = {413B02F9-8F81-4867-AB7A-9109EA45FDA8}
	EndGlobalSection
EndGlobal
